
Microsoft Visual Studio Solution File, Format Version 12.00
# Visual Studio Version 16
VisualStudioVersion = 16.0.31205.134
MinimumVisualStudioVersion = 10.0.40219.1
Project("{FAE04EC0-301F-11D3-BF4B-00C04F79EFBC}") = "HISTORY", "HISTORY\HISTORY.csproj", "{E99962FA-310C-4C7F-9EE2-E49E930A75A6}"
EndProject
Global
	GlobalSection(SolutionConfigurationPlatforms) = preSolution
		Debug|Any CPU = Debug|Any CPU
		Release|Any CPU = Release|Any CPU
	EndGlobalSection
	GlobalSection(ProjectConfigurationPlatforms) = postSolution
		{E99962FA-310C-4C7F-9EE2-E49E930A75A6}.Debug|Any CPU.ActiveCfg = Debug|Any CPU
		{E99962FA-310C-4C7F-9EE2-E49E930A75A6}.Debug|Any CPU.Build.0 = Debug|Any CPU
		{E99962FA-310C-4C7F-9EE2-E49E930A75A6}.Release|Any CPU.ActiveCfg = Release|Any CPU
		{E99962FA-310C-4C7F-9EE2-E49E930A75A6}.Release|Any CPU.Build.0 = Release|Any CPU
	EndGlobalSection
	GlobalSection(SolutionProperties) = preSolution
		HideSolutionNode = FALSE
	EndGlobalSection
	GlobalSection(ExtensibilityGlobals) = postSolution
		SolutionGuid = {5C5B4E3E-0842-4302-B20D-F0CEA7889627}
	EndGlobalSection
EndGlobal
