
Microsoft Visual Studio Solution File, Format Version 12.00
# Visual Studio Version 16
VisualStudioVersion = 16.0.31205.134
MinimumVisualStudioVersion = 10.0.40219.1
Project("{FAE04EC0-301F-11D3-BF4B-00C04F79EFBC}") = "Tubes", "Tubes\Tubes.csproj", "{BD3C97A4-8931-47E4-A777-EF89F63B232B}"
EndProject
Global
	GlobalSection(SolutionConfigurationPlatforms) = preSolution
		Debug|Any CPU = Debug|Any CPU
		Release|Any CPU = Release|Any CPU
	EndGlobalSection
	GlobalSection(ProjectConfigurationPlatforms) = postSolution
		{BD3C97A4-8931-47E4-A777-EF89F63B232B}.Debug|Any CPU.ActiveCfg = Debug|Any CPU
		{BD3C97A4-8931-47E4-A777-EF89F63B232B}.Debug|Any CPU.Build.0 = Debug|Any CPU
		{BD3C97A4-8931-47E4-A777-EF89F63B232B}.Release|Any CPU.ActiveCfg = Release|Any CPU
		{BD3C97A4-8931-47E4-A777-EF89F63B232B}.Release|Any CPU.Build.0 = Release|Any CPU
	EndGlobalSection
	GlobalSection(SolutionProperties) = preSolution
		HideSolutionNode = FALSE
	EndGlobalSection
	GlobalSection(ExtensibilityGlobals) = postSolution
		SolutionGuid = {B3F056F0-448F-449F-8A06-5B80A89CDCAB}
	EndGlobalSection
EndGlobal
